
Microsoft Visual Studio Solution File, Format Version 12.00
# Visual Studio Version 17
VisualStudioVersion = 17.2.32616.157
MinimumVisualStudioVersion = 10.0.40219.1
Project("{FAE04EC0-301F-11D3-BF4B-00C04F79EFBC}") = "JokesWebApp", "JokesWebApp\JokesWebApp.csproj", "{36108B39-D49D-4576-8E7F-DCEF41C09D19}"
EndProject
Global
	GlobalSection(SolutionConfigurationPlatforms) = preSolution
		Debug|Any CPU = Debug|Any CPU
		Release|Any CPU = Release|Any CPU
	EndGlobalSection
	GlobalSection(ProjectConfigurationPlatforms) = postSolution
		{36108B39-D49D-4576-8E7F-DCEF41C09D19}.Debug|Any CPU.ActiveCfg = Debug|Any CPU
		{36108B39-D49D-4576-8E7F-DCEF41C09D19}.Debug|Any CPU.Build.0 = Debug|Any CPU
		{36108B39-D49D-4576-8E7F-DCEF41C09D19}.Release|Any CPU.ActiveCfg = Release|Any CPU
		{36108B39-D49D-4576-8E7F-DCEF41C09D19}.Release|Any CPU.Build.0 = Release|Any CPU
	EndGlobalSection
	GlobalSection(SolutionProperties) = preSolution
		HideSolutionNode = FALSE
	EndGlobalSection
	GlobalSection(ExtensibilityGlobals) = postSolution
		SolutionGuid = {AC399ECE-2472-4999-8C96-4C71FB885755}
	EndGlobalSection
EndGlobal
